// !$*UTF8*$!
{
	archiveVersion = 1;
	classes = {
	};
	objectVersion = 51;
	objects = {

/* Begin PBXBuildFile section */
		6A393A0CB73AD9E963BAF613 /* Pods_GFKApp2.framework in Frameworks */ = {isa = PBXBuildFile; fileRef = AF0EF55A8F12A25E03537E3A /* Pods_GFKApp2.framework */; };
		93A53E51666FCEE16116E772 /* Pods_GFKApp2_GFKApp2UITests.framework in Frameworks */ = {isa = PBXBuildFile; fileRef = FD49044EE6EB12D4684A9B7F /* Pods_GFKApp2_GFKApp2UITests.framework */; };
		96BC50279E6E24E27CE94B46 /* Pods_GFKApp2Tests.framework in Frameworks */ = {isa = PBXBuildFile; fileRef = 23E666264D8C9F4696A46706 /* Pods_GFKApp2Tests.framework */; };
		EB2FFAEA240C8D870064BC6F /* ProfileViewController.swift in Sources */ = {isa = PBXBuildFile; fileRef = EB2FFAE9240C8D870064BC6F /* ProfileViewController.swift */; };
		EB2FFAEE240CA87D0064BC6F /* SucessfullyRegisteredViewController.swift in Sources */ = {isa = PBXBuildFile; fileRef = EB2FFAED240CA87D0064BC6F /* SucessfullyRegisteredViewController.swift */; };
		EB4CD75424076E37000F4931 /* AppDelegate.swift in Sources */ = {isa = PBXBuildFile; fileRef = EB4CD75324076E37000F4931 /* AppDelegate.swift */; };
		EB4CD75624076E37000F4931 /* SceneDelegate.swift in Sources */ = {isa = PBXBuildFile; fileRef = EB4CD75524076E37000F4931 /* SceneDelegate.swift */; };
		EB4CD75824076E37000F4931 /* FirstViewController.swift in Sources */ = {isa = PBXBuildFile; fileRef = EB4CD75724076E37000F4931 /* FirstViewController.swift */; };
		EB4CD75D24076E37000F4931 /* Main.storyboard in Resources */ = {isa = PBXBuildFile; fileRef = EB4CD75B24076E37000F4931 /* Main.storyboard */; };
		EB4CD75F24076E38000F4931 /* Assets.xcassets in Resources */ = {isa = PBXBuildFile; fileRef = EB4CD75E24076E38000F4931 /* Assets.xcassets */; };
		EB4CD76224076E38000F4931 /* LaunchScreen.storyboard in Resources */ = {isa = PBXBuildFile; fileRef = EB4CD76024076E38000F4931 /* LaunchScreen.storyboard */; };
		EB4CD76D24076E39000F4931 /* GFKApp2Tests.swift in Sources */ = {isa = PBXBuildFile; fileRef = EB4CD76C24076E39000F4931 /* GFKApp2Tests.swift */; };
		EB4CD77824076E39000F4931 /* GFKApp2UITests.swift in Sources */ = {isa = PBXBuildFile; fileRef = EB4CD77724076E39000F4931 /* GFKApp2UITests.swift */; };
		EB612F7C240B471E00CA9CE5 /* PostViewController.swift in Sources */ = {isa = PBXBuildFile; fileRef = EB612F7B240B471E00CA9CE5 /* PostViewController.swift */; };
		EB6953172409D94C00108666 /* BlogTableViewCell.swift in Sources */ = {isa = PBXBuildFile; fileRef = EB6953162409D94C00108666 /* BlogTableViewCell.swift */; };
		EB6953192409DA8000108666 /* FourthViewController.swift in Sources */ = {isa = PBXBuildFile; fileRef = EB6953182409DA8000108666 /* FourthViewController.swift */; };
		EB71FDDC240DED210071A450 /* SurveyViewController.swift in Sources */ = {isa = PBXBuildFile; fileRef = EB71FDDB240DED210071A450 /* SurveyViewController.swift */; };
		EB71FDDE240DED750071A450 /* SurveyTableViewCell.swift in Sources */ = {isa = PBXBuildFile; fileRef = EB71FDDD240DED750071A450 /* SurveyTableViewCell.swift */; };
		EB71FDDF240DEE260071A450 /* RegisterViewController.swift in Sources */ = {isa = PBXBuildFile; fileRef = EBE9BC43240DA8D30077BC20 /* RegisterViewController.swift */; };
		EB71FDE0240DEE260071A450 /* LoginViewController.swift in Sources */ = {isa = PBXBuildFile; fileRef = EBE9BC42240DA8D30077BC20 /* LoginViewController.swift */; };
		EBE9BC3E240DA7C00077BC20 /* TasksTableViewCell.swift in Sources */ = {isa = PBXBuildFile; fileRef = EBE9BC3D240DA75F0077BC20 /* TasksTableViewCell.swift */; };
		EBE9BC45240DA90B0077BC20 /* TakenEventsViewController.swift in Sources */ = {isa = PBXBuildFile; fileRef = EBE9BC44240DA90B0077BC20 /* TakenEventsViewController.swift */; };
		EBE9BC4B240DAFD10077BC20 /* TakenEventsTableViewCell.swift in Sources */ = {isa = PBXBuildFile; fileRef = EBE9BC4A240DAFD10077BC20 /* TakenEventsTableViewCell.swift */; };
/* End PBXBuildFile section */

/* Begin PBXContainerItemProxy section */
		EB4CD76924076E39000F4931 /* PBXContainerItemProxy */ = {
			isa = PBXContainerItemProxy;
			containerPortal = EB4CD74824076E37000F4931 /* Project object */;
			proxyType = 1;
			remoteGlobalIDString = EB4CD74F24076E37000F4931;
			remoteInfo = GFKApp2;
		};
		EB4CD77424076E39000F4931 /* PBXContainerItemProxy */ = {
			isa = PBXContainerItemProxy;
			containerPortal = EB4CD74824076E37000F4931 /* Project object */;
			proxyType = 1;
			remoteGlobalIDString = EB4CD74F24076E37000F4931;
			remoteInfo = GFKApp2;
		};
/* End PBXContainerItemProxy section */

/* Begin PBXFileReference section */
		17662FF44AD48F23930EC293 /* Pods-GFKApp2Tests.debug.xcconfig */ = {isa = PBXFileReference; includeInIndex = 1; lastKnownFileType = text.xcconfig; name = "Pods-GFKApp2Tests.debug.xcconfig"; path = "Target Support Files/Pods-GFKApp2Tests/Pods-GFKApp2Tests.debug.xcconfig"; sourceTree = "<group>"; };
		23E666264D8C9F4696A46706 /* Pods_GFKApp2Tests.framework */ = {isa = PBXFileReference; explicitFileType = wrapper.framework; includeInIndex = 0; path = Pods_GFKApp2Tests.framework; sourceTree = BUILT_PRODUCTS_DIR; };
		7FD8BB14D7BD7801FEFEE15D /* Pods-GFKApp2-GFKApp2UITests.debug.xcconfig */ = {isa = PBXFileReference; includeInIndex = 1; lastKnownFileType = text.xcconfig; name = "Pods-GFKApp2-GFKApp2UITests.debug.xcconfig"; path = "Target Support Files/Pods-GFKApp2-GFKApp2UITests/Pods-GFKApp2-GFKApp2UITests.debug.xcconfig"; sourceTree = "<group>"; };
		8E51A71D8CD482B00DF03DFC /* Pods-GFKApp2.debug.xcconfig */ = {isa = PBXFileReference; includeInIndex = 1; lastKnownFileType = text.xcconfig; name = "Pods-GFKApp2.debug.xcconfig"; path = "Target Support Files/Pods-GFKApp2/Pods-GFKApp2.debug.xcconfig"; sourceTree = "<group>"; };
		96CF18B299F46BAF0A7746E5 /* Pods-GFKApp2Tests.release.xcconfig */ = {isa = PBXFileReference; includeInIndex = 1; lastKnownFileType = text.xcconfig; name = "Pods-GFKApp2Tests.release.xcconfig"; path = "Target Support Files/Pods-GFKApp2Tests/Pods-GFKApp2Tests.release.xcconfig"; sourceTree = "<group>"; };
		9B24455C2E9A7E46B5F6A0E9 /* Pods-GFKApp2.release.xcconfig */ = {isa = PBXFileReference; includeInIndex = 1; lastKnownFileType = text.xcconfig; name = "Pods-GFKApp2.release.xcconfig"; path = "Target Support Files/Pods-GFKApp2/Pods-GFKApp2.release.xcconfig"; sourceTree = "<group>"; };
		AF0EF55A8F12A25E03537E3A /* Pods_GFKApp2.framework */ = {isa = PBXFileReference; explicitFileType = wrapper.framework; includeInIndex = 0; path = Pods_GFKApp2.framework; sourceTree = BUILT_PRODUCTS_DIR; };
		EB2FFAE9240C8D870064BC6F /* ProfileViewController.swift */ = {isa = PBXFileReference; lastKnownFileType = sourcecode.swift; path = ProfileViewController.swift; sourceTree = "<group>"; };
		EB2FFAED240CA87D0064BC6F /* SucessfullyRegisteredViewController.swift */ = {isa = PBXFileReference; lastKnownFileType = sourcecode.swift; path = SucessfullyRegisteredViewController.swift; sourceTree = "<group>"; };
		EB4CD75024076E37000F4931 /* GFKApp2.app */ = {isa = PBXFileReference; explicitFileType = wrapper.application; includeInIndex = 0; path = GFKApp2.app; sourceTree = BUILT_PRODUCTS_DIR; };
		EB4CD75324076E37000F4931 /* AppDelegate.swift */ = {isa = PBXFileReference; lastKnownFileType = sourcecode.swift; path = AppDelegate.swift; sourceTree = "<group>"; };
		EB4CD75524076E37000F4931 /* SceneDelegate.swift */ = {isa = PBXFileReference; lastKnownFileType = sourcecode.swift; path = SceneDelegate.swift; sourceTree = "<group>"; };
		EB4CD75724076E37000F4931 /* FirstViewController.swift */ = {isa = PBXFileReference; lastKnownFileType = sourcecode.swift; path = FirstViewController.swift; sourceTree = "<group>"; };
		EB4CD75C24076E37000F4931 /* Base */ = {isa = PBXFileReference; lastKnownFileType = file.storyboard; name = Base; path = Base.lproj/Main.storyboard; sourceTree = "<group>"; };
		EB4CD75E24076E38000F4931 /* Assets.xcassets */ = {isa = PBXFileReference; lastKnownFileType = folder.assetcatalog; path = Assets.xcassets; sourceTree = "<group>"; };
		EB4CD76124076E38000F4931 /* Base */ = {isa = PBXFileReference; lastKnownFileType = file.storyboard; name = Base; path = Base.lproj/LaunchScreen.storyboard; sourceTree = "<group>"; };
		EB4CD76324076E38000F4931 /* Info.plist */ = {isa = PBXFileReference; lastKnownFileType = text.plist.xml; path = Info.plist; sourceTree = "<group>"; };
		EB4CD76824076E39000F4931 /* GFKApp2Tests.xctest */ = {isa = PBXFileReference; explicitFileType = wrapper.cfbundle; includeInIndex = 0; path = GFKApp2Tests.xctest; sourceTree = BUILT_PRODUCTS_DIR; };
		EB4CD76C24076E39000F4931 /* GFKApp2Tests.swift */ = {isa = PBXFileReference; lastKnownFileType = sourcecode.swift; path = GFKApp2Tests.swift; sourceTree = "<group>"; };
		EB4CD76E24076E39000F4931 /* Info.plist */ = {isa = PBXFileReference; lastKnownFileType = text.plist.xml; path = Info.plist; sourceTree = "<group>"; };
		EB4CD77324076E39000F4931 /* GFKApp2UITests.xctest */ = {isa = PBXFileReference; explicitFileType = wrapper.cfbundle; includeInIndex = 0; path = GFKApp2UITests.xctest; sourceTree = BUILT_PRODUCTS_DIR; };
		EB4CD77724076E39000F4931 /* GFKApp2UITests.swift */ = {isa = PBXFileReference; lastKnownFileType = sourcecode.swift; path = GFKApp2UITests.swift; sourceTree = "<group>"; };
		EB4CD77924076E39000F4931 /* Info.plist */ = {isa = PBXFileReference; lastKnownFileType = text.plist.xml; path = Info.plist; sourceTree = "<group>"; };
		EB612F7B240B471E00CA9CE5 /* PostViewController.swift */ = {isa = PBXFileReference; lastKnownFileType = sourcecode.swift; path = PostViewController.swift; sourceTree = "<group>"; };
		EB6953162409D94C00108666 /* BlogTableViewCell.swift */ = {isa = PBXFileReference; lastKnownFileType = sourcecode.swift; path = BlogTableViewCell.swift; sourceTree = "<group>"; };
		EB6953182409DA8000108666 /* FourthViewController.swift */ = {isa = PBXFileReference; lastKnownFileType = sourcecode.swift; path = FourthViewController.swift; sourceTree = "<group>"; };
		EB71FDDB240DED210071A450 /* SurveyViewController.swift */ = {isa = PBXFileReference; lastKnownFileType = sourcecode.swift; path = SurveyViewController.swift; sourceTree = "<group>"; };
		EB71FDDD240DED750071A450 /* SurveyTableViewCell.swift */ = {isa = PBXFileReference; lastKnownFileType = sourcecode.swift; path = SurveyTableViewCell.swift; sourceTree = "<group>"; };
		EBE9BC3D240DA75F0077BC20 /* TasksTableViewCell.swift */ = {isa = PBXFileReference; lastKnownFileType = sourcecode.swift; path = TasksTableViewCell.swift; sourceTree = "<group>"; };
		EBE9BC42240DA8D30077BC20 /* LoginViewController.swift */ = {isa = PBXFileReference; lastKnownFileType = sourcecode.swift; name = LoginViewController.swift; path = AuthVCs/LoginViewController.swift; sourceTree = "<group>"; };
		EBE9BC43240DA8D30077BC20 /* RegisterViewController.swift */ = {isa = PBXFileReference; lastKnownFileType = sourcecode.swift; name = RegisterViewController.swift; path = AuthVCs/RegisterViewController.swift; sourceTree = "<group>"; };
		EBE9BC44240DA90B0077BC20 /* TakenEventsViewController.swift */ = {isa = PBXFileReference; lastKnownFileType = sourcecode.swift; path = TakenEventsViewController.swift; sourceTree = "<group>"; };
		EBE9BC4A240DAFD10077BC20 /* TakenEventsTableViewCell.swift */ = {isa = PBXFileReference; lastKnownFileType = sourcecode.swift; path = TakenEventsTableViewCell.swift; sourceTree = "<group>"; };
		ED9C795241BCDAF9B6FBBBC1 /* Pods-GFKApp2-GFKApp2UITests.release.xcconfig */ = {isa = PBXFileReference; includeInIndex = 1; lastKnownFileType = text.xcconfig; name = "Pods-GFKApp2-GFKApp2UITests.release.xcconfig"; path = "Target Support Files/Pods-GFKApp2-GFKApp2UITests/Pods-GFKApp2-GFKApp2UITests.release.xcconfig"; sourceTree = "<group>"; };
		FD49044EE6EB12D4684A9B7F /* Pods_GFKApp2_GFKApp2UITests.framework */ = {isa = PBXFileReference; explicitFileType = wrapper.framework; includeInIndex = 0; path = Pods_GFKApp2_GFKApp2UITests.framework; sourceTree = BUILT_PRODUCTS_DIR; };
/* End PBXFileReference section */

/* Begin PBXFrameworksBuildPhase section */
		EB4CD74D24076E37000F4931 /* Frameworks */ = {
			isa = PBXFrameworksBuildPhase;
			buildActionMask = 2147483647;
			files = (
				6A393A0CB73AD9E963BAF613 /* Pods_GFKApp2.framework in Frameworks */,
			);
			runOnlyForDeploymentPostprocessing = 0;
		};
		EB4CD76524076E39000F4931 /* Frameworks */ = {
			isa = PBXFrameworksBuildPhase;
			buildActionMask = 2147483647;
			files = (
				96BC50279E6E24E27CE94B46 /* Pods_GFKApp2Tests.framework in Frameworks */,
			);
			runOnlyForDeploymentPostprocessing = 0;
		};
		EB4CD77024076E39000F4931 /* Frameworks */ = {
			isa = PBXFrameworksBuildPhase;
			buildActionMask = 2147483647;
			files = (
				93A53E51666FCEE16116E772 /* Pods_GFKApp2_GFKApp2UITests.framework in Frameworks */,
			);
			runOnlyForDeploymentPostprocessing = 0;
		};
/* End PBXFrameworksBuildPhase section */

/* Begin PBXGroup section */
		84C5F76C6C52ABF1A1DC141B /* Pods */ = {
			isa = PBXGroup;
			children = (
				8E51A71D8CD482B00DF03DFC /* Pods-GFKApp2.debug.xcconfig */,
				9B24455C2E9A7E46B5F6A0E9 /* Pods-GFKApp2.release.xcconfig */,
				7FD8BB14D7BD7801FEFEE15D /* Pods-GFKApp2-GFKApp2UITests.debug.xcconfig */,
				ED9C795241BCDAF9B6FBBBC1 /* Pods-GFKApp2-GFKApp2UITests.release.xcconfig */,
				17662FF44AD48F23930EC293 /* Pods-GFKApp2Tests.debug.xcconfig */,
				96CF18B299F46BAF0A7746E5 /* Pods-GFKApp2Tests.release.xcconfig */,
			);
			path = Pods;
			sourceTree = "<group>";
		};
		EB4CD74724076E37000F4931 = {
			isa = PBXGroup;
			children = (
				EB4CD75224076E37000F4931 /* GFKApp2 */,
				EB4CD76B24076E39000F4931 /* GFKApp2Tests */,
				EB4CD77624076E39000F4931 /* GFKApp2UITests */,
				EB4CD75124076E37000F4931 /* Products */,
				84C5F76C6C52ABF1A1DC141B /* Pods */,
				EC87B87E6A3AB25FAB8860E8 /* Frameworks */,
			);
			sourceTree = "<group>";
		};
		EB4CD75124076E37000F4931 /* Products */ = {
			isa = PBXGroup;
			children = (
				EB4CD75024076E37000F4931 /* GFKApp2.app */,
				EB4CD76824076E39000F4931 /* GFKApp2Tests.xctest */,
				EB4CD77324076E39000F4931 /* GFKApp2UITests.xctest */,
			);
			name = Products;
			sourceTree = "<group>";
		};
		EB4CD75224076E37000F4931 /* GFKApp2 */ = {
			isa = PBXGroup;
			children = (
				EBE9BC42240DA8D30077BC20 /* LoginViewController.swift */,
				EBE9BC43240DA8D30077BC20 /* RegisterViewController.swift */,
				EBE9BC41240DA8C40077BC20 /* AuthVCs */,
				EBE9BC40240DA8580077BC20 /* MainVCs */,
				EBE9BC3F240DA80B0077BC20 /* CellView */,
				EB4CD75324076E37000F4931 /* AppDelegate.swift */,
				EB4CD75524076E37000F4931 /* SceneDelegate.swift */,
				EB4CD75B24076E37000F4931 /* Main.storyboard */,
				EB4CD75E24076E38000F4931 /* Assets.xcassets */,
				EB4CD76024076E38000F4931 /* LaunchScreen.storyboard */,
				EB4CD76324076E38000F4931 /* Info.plist */,
				EB612F7B240B471E00CA9CE5 /* PostViewController.swift */,
				EB2FFAED240CA87D0064BC6F /* SucessfullyRegisteredViewController.swift */,
			);
			path = GFKApp2;
			sourceTree = "<group>";
		};
		EB4CD76B24076E39000F4931 /* GFKApp2Tests */ = {
			isa = PBXGroup;
			children = (
				EB4CD76C24076E39000F4931 /* GFKApp2Tests.swift */,
				EB4CD76E24076E39000F4931 /* Info.plist */,
			);
			path = GFKApp2Tests;
			sourceTree = "<group>";
		};
		EB4CD77624076E39000F4931 /* GFKApp2UITests */ = {
			isa = PBXGroup;
			children = (
				EB4CD77724076E39000F4931 /* GFKApp2UITests.swift */,
				EB4CD77924076E39000F4931 /* Info.plist */,
			);
			path = GFKApp2UITests;
			sourceTree = "<group>";
		};
		EBE9BC3F240DA80B0077BC20 /* CellView */ = {
			isa = PBXGroup;
			children = (
				EB71FDDD240DED750071A450 /* SurveyTableViewCell.swift */,
				EBE9BC3D240DA75F0077BC20 /* TasksTableViewCell.swift */,
				EB6953162409D94C00108666 /* BlogTableViewCell.swift */,
				EBE9BC4A240DAFD10077BC20 /* TakenEventsTableViewCell.swift */,
			);
			path = CellView;
			sourceTree = "<group>";
		};
		EBE9BC40240DA8580077BC20 /* MainVCs */ = {
			isa = PBXGroup;
			children = (
				EB71FDDB240DED210071A450 /* SurveyViewController.swift */,
				EB4CD75724076E37000F4931 /* FirstViewController.swift */,
				EB6953182409DA8000108666 /* FourthViewController.swift */,
				EB2FFAE9240C8D870064BC6F /* ProfileViewController.swift */,
				EBE9BC44240DA90B0077BC20 /* TakenEventsViewController.swift */,
			);
			path = MainVCs;
			sourceTree = "<group>";
		};
		EBE9BC41240DA8C40077BC20 /* AuthVCs */ = {
			isa = PBXGroup;
			children = (
			);
			path = AuthVCs;
			sourceTree = "<group>";
		};
		EC87B87E6A3AB25FAB8860E8 /* Frameworks */ = {
			isa = PBXGroup;
			children = (
				AF0EF55A8F12A25E03537E3A /* Pods_GFKApp2.framework */,
				FD49044EE6EB12D4684A9B7F /* Pods_GFKApp2_GFKApp2UITests.framework */,
				23E666264D8C9F4696A46706 /* Pods_GFKApp2Tests.framework */,
			);
			name = Frameworks;
			sourceTree = "<group>";
		};
/* End PBXGroup section */

/* Begin PBXNativeTarget section */
		EB4CD74F24076E37000F4931 /* GFKApp2 */ = {
			isa = PBXNativeTarget;
			buildConfigurationList = EB4CD77C24076E39000F4931 /* Build configuration list for PBXNativeTarget "GFKApp2" */;
			buildPhases = (
				D2C52424AFC809A1E5877DBC /* [CP] Check Pods Manifest.lock */,
				EB4CD74C24076E37000F4931 /* Sources */,
				EB4CD74D24076E37000F4931 /* Frameworks */,
				EB4CD74E24076E37000F4931 /* Resources */,
				F2C8D4D956E2A843917FCC4B /* [CP] Embed Pods Frameworks */,
			);
			buildRules = (
			);
			dependencies = (
			);
			name = GFKApp2;
			productName = GFKApp2;
			productReference = EB4CD75024076E37000F4931 /* GFKApp2.app */;
			productType = "com.apple.product-type.application";
		};
		EB4CD76724076E39000F4931 /* GFKApp2Tests */ = {
			isa = PBXNativeTarget;
			buildConfigurationList = EB4CD77F24076E39000F4931 /* Build configuration list for PBXNativeTarget "GFKApp2Tests" */;
			buildPhases = (
				531136C4523E21AA9739AA96 /* [CP] Check Pods Manifest.lock */,
				EB4CD76424076E39000F4931 /* Sources */,
				EB4CD76524076E39000F4931 /* Frameworks */,
				EB4CD76624076E39000F4931 /* Resources */,
				FEE2E1522A48BA90BDE709B9 /* [CP] Embed Pods Frameworks */,
			);
			buildRules = (
			);
			dependencies = (
				EB4CD76A24076E39000F4931 /* PBXTargetDependency */,
			);
			name = GFKApp2Tests;
			productName = GFKApp2Tests;
			productReference = EB4CD76824076E39000F4931 /* GFKApp2Tests.xctest */;
			productType = "com.apple.product-type.bundle.unit-test";
		};
		EB4CD77224076E39000F4931 /* GFKApp2UITests */ = {
			isa = PBXNativeTarget;
			buildConfigurationList = EB4CD78224076E39000F4931 /* Build configuration list for PBXNativeTarget "GFKApp2UITests" */;
			buildPhases = (
				6CF57671EEE7EA0B763C3DE0 /* [CP] Check Pods Manifest.lock */,
				EB4CD76F24076E39000F4931 /* Sources */,
				EB4CD77024076E39000F4931 /* Frameworks */,
				EB4CD77124076E39000F4931 /* Resources */,
				33D7BF8780FF1FD77506AB2E /* [CP] Embed Pods Frameworks */,
			);
			buildRules = (
			);
			dependencies = (
				EB4CD77524076E39000F4931 /* PBXTargetDependency */,
			);
			name = GFKApp2UITests;
			productName = GFKApp2UITests;
			productReference = EB4CD77324076E39000F4931 /* GFKApp2UITests.xctest */;
			productType = "com.apple.product-type.bundle.ui-testing";
		};
/* End PBXNativeTarget section */

/* Begin PBXProject section */
		EB4CD74824076E37000F4931 /* Project object */ = {
			isa = PBXProject;
			attributes = {
				LastSwiftUpdateCheck = 1130;
				LastUpgradeCheck = 1130;
				ORGANIZATIONNAME = "GFK Girişimcilik ve İnovasyon Sportif Gençlik Platformu";
				TargetAttributes = {
					EB4CD74F24076E37000F4931 = {
						CreatedOnToolsVersion = 11.3.1;
					};
					EB4CD76724076E39000F4931 = {
						CreatedOnToolsVersion = 11.3.1;
						TestTargetID = EB4CD74F24076E37000F4931;
					};
					EB4CD77224076E39000F4931 = {
						CreatedOnToolsVersion = 11.3.1;
						TestTargetID = EB4CD74F24076E37000F4931;
					};
				};
			};
			buildConfigurationList = EB4CD74B24076E37000F4931 /* Build configuration list for PBXProject "GFKApp2" */;
			compatibilityVersion = "Xcode 9.3";
			developmentRegion = en;
			hasScannedForEncodings = 0;
			knownRegions = (
				en,
				Base,
			);
			mainGroup = EB4CD74724076E37000F4931;
			productRefGroup = EB4CD75124076E37000F4931 /* Products */;
			projectDirPath = "";
			projectRoot = "";
			targets = (
				EB4CD74F24076E37000F4931 /* GFKApp2 */,
				EB4CD76724076E39000F4931 /* GFKApp2Tests */,
				EB4CD77224076E39000F4931 /* GFKApp2UITests */,
			);
		};
/* End PBXProject section */

/* Begin PBXResourcesBuildPhase section */
		EB4CD74E24076E37000F4931 /* Resources */ = {
			isa = PBXResourcesBuildPhase;
			buildActionMask = 2147483647;
			files = (
				EB4CD76224076E38000F4931 /* LaunchScreen.storyboard in Resources */,
				EB4CD75F24076E38000F4931 /* Assets.xcassets in Resources */,
				EB4CD75D24076E37000F4931 /* Main.storyboard in Resources */,
			);
			runOnlyForDeploymentPostprocessing = 0;
		};
		EB4CD76624076E39000F4931 /* Resources */ = {
			isa = PBXResourcesBuildPhase;
			buildActionMask = 2147483647;
			files = (
			);
			runOnlyForDeploymentPostprocessing = 0;
		};
		EB4CD77124076E39000F4931 /* Resources */ = {
			isa = PBXResourcesBuildPhase;
			buildActionMask = 2147483647;
			files = (
			);
			runOnlyForDeploymentPostprocessing = 0;
		};
/* End PBXResourcesBuildPhase section */

/* Begin PBXShellScriptBuildPhase section */
		33D7BF8780FF1FD77506AB2E /* [CP] Embed Pods Frameworks */ = {
			isa = PBXShellScriptBuildPhase;
			buildActionMask = 2147483647;
			files = (
			);
			inputFileListPaths = (
				"${PODS_ROOT}/Target Support Files/Pods-GFKApp2-GFKApp2UITests/Pods-GFKApp2-GFKApp2UITests-frameworks-${CONFIGURATION}-input-files.xcfilelist",
			);
			name = "[CP] Embed Pods Frameworks";
			outputFileListPaths = (
				"${PODS_ROOT}/Target Support Files/Pods-GFKApp2-GFKApp2UITests/Pods-GFKApp2-GFKApp2UITests-frameworks-${CONFIGURATION}-output-files.xcfilelist",
			);
			runOnlyForDeploymentPostprocessing = 0;
			shellPath = /bin/sh;
			shellScript = "\"${PODS_ROOT}/Target Support Files/Pods-GFKApp2-GFKApp2UITests/Pods-GFKApp2-GFKApp2UITests-frameworks.sh\"\n";
			showEnvVarsInLog = 0;
		};
		531136C4523E21AA9739AA96 /* [CP] Check Pods Manifest.lock */ = {
			isa = PBXShellScriptBuildPhase;
			buildActionMask = 2147483647;
			files = (
			);
			inputFileListPaths = (
			);
			inputPaths = (
				"${PODS_PODFILE_DIR_PATH}/Podfile.lock",
				"${PODS_ROOT}/Manifest.lock",
			);
			name = "[CP] Check Pods Manifest.lock";
			outputFileListPaths = (
			);
			outputPaths = (
				"$(DERIVED_FILE_DIR)/Pods-GFKApp2Tests-checkManifestLockResult.txt",
			);
			runOnlyForDeploymentPostprocessing = 0;
			shellPath = /bin/sh;
			shellScript = "diff \"${PODS_PODFILE_DIR_PATH}/Podfile.lock\" \"${PODS_ROOT}/Manifest.lock\" > /dev/null\nif [ $? != 0 ] ; then\n    # print error to STDERR\n    echo \"error: The sandbox is not in sync with the Podfile.lock. Run 'pod install' or update your CocoaPods installation.\" >&2\n    exit 1\nfi\n# This output is used by Xcode 'outputs' to avoid re-running this script phase.\necho \"SUCCESS\" > \"${SCRIPT_OUTPUT_FILE_0}\"\n";
			showEnvVarsInLog = 0;
		};
		6CF57671EEE7EA0B763C3DE0 /* [CP] Check Pods Manifest.lock */ = {
			isa = PBXShellScriptBuildPhase;
			buildActionMask = 2147483647;
			files = (
			);
			inputFileListPaths = (
			);
			inputPaths = (
				"${PODS_PODFILE_DIR_PATH}/Podfile.lock",
				"${PODS_ROOT}/Manifest.lock",
			);
			name = "[CP] Check Pods Manifest.lock";
			outputFileListPaths = (
			);
			outputPaths = (
				"$(DERIVED_FILE_DIR)/Pods-GFKApp2-GFKApp2UITests-checkManifestLockResult.txt",
			);
			runOnlyForDeploymentPostprocessing = 0;
			shellPath = /bin/sh;
			shellScript = "diff \"${PODS_PODFILE_DIR_PATH}/Podfile.lock\" \"${PODS_ROOT}/Manifest.lock\" > /dev/null\nif [ $? != 0 ] ; then\n    # print error to STDERR\n    echo \"error: The sandbox is not in sync with the Podfile.lock. Run 'pod install' or update your CocoaPods installation.\" >&2\n    exit 1\nfi\n# This output is used by Xcode 'outputs' to avoid re-running this script phase.\necho \"SUCCESS\" > \"${SCRIPT_OUTPUT_FILE_0}\"\n";
			showEnvVarsInLog = 0;
		};
		D2C52424AFC809A1E5877DBC /* [CP] Check Pods Manifest.lock */ = {
			isa = PBXShellScriptBuildPhase;
			buildActionMask = 2147483647;
			files = (
			);
			inputFileListPaths = (
			);
			inputPaths = (
				"${PODS_PODFILE_DIR_PATH}/Podfile.lock",
				"${PODS_ROOT}/Manifest.lock",
			);
			name = "[CP] Check Pods Manifest.lock";
			outputFileListPaths = (
			);
			outputPaths = (
				"$(DERIVED_FILE_DIR)/Pods-GFKApp2-checkManifestLockResult.txt",
			);
			runOnlyForDeploymentPostprocessing = 0;
			shellPath = /bin/sh;
			shellScript = "diff \"${PODS_PODFILE_DIR_PATH}/Podfile.lock\" \"${PODS_ROOT}/Manifest.lock\" > /dev/null\nif [ $? != 0 ] ; then\n    # print error to STDERR\n    echo \"error: The sandbox is not in sync with the Podfile.lock. Run 'pod install' or update your CocoaPods installation.\" >&2\n    exit 1\nfi\n# This output is used by Xcode 'outputs' to avoid re-running this script phase.\necho \"SUCCESS\" > \"${SCRIPT_OUTPUT_FILE_0}\"\n";
			showEnvVarsInLog = 0;
		};
		F2C8D4D956E2A843917FCC4B /* [CP] Embed Pods Frameworks */ = {
			isa = PBXShellScriptBuildPhase;
			buildActionMask = 2147483647;
			files = (
			);
			inputFileListPaths = (
				"${PODS_ROOT}/Target Support Files/Pods-GFKApp2/Pods-GFKApp2-frameworks-${CONFIGURATION}-input-files.xcfilelist",
			);
			name = "[CP] Embed Pods Frameworks";
			outputFileListPaths = (
				"${PODS_ROOT}/Target Support Files/Pods-GFKApp2/Pods-GFKApp2-frameworks-${CONFIGURATION}-output-files.xcfilelist",
			);
			runOnlyForDeploymentPostprocessing = 0;
			shellPath = /bin/sh;
			shellScript = "\"${PODS_ROOT}/Target Support Files/Pods-GFKApp2/Pods-GFKApp2-frameworks.sh\"\n";
			showEnvVarsInLog = 0;
		};
		FEE2E1522A48BA90BDE709B9 /* [CP] Embed Pods Frameworks */ = {
			isa = PBXShellScriptBuildPhase;
			buildActionMask = 2147483647;
			files = (
			);
			inputFileListPaths = (
				"${PODS_ROOT}/Target Support Files/Pods-GFKApp2Tests/Pods-GFKApp2Tests-frameworks-${CONFIGURATION}-input-files.xcfilelist",
			);
			name = "[CP] Embed Pods Frameworks";
			outputFileListPaths = (
				"${PODS_ROOT}/Target Support Files/Pods-GFKApp2Tests/Pods-GFKApp2Tests-frameworks-${CONFIGURATION}-output-files.xcfilelist",
			);
			runOnlyForDeploymentPostprocessing = 0;
			shellPath = /bin/sh;
			shellScript = "\"${PODS_ROOT}/Target Support Files/Pods-GFKApp2Tests/Pods-GFKApp2Tests-frameworks.sh\"\n";
			showEnvVarsInLog = 0;
		};
/* End PBXShellScriptBuildPhase section */

/* Begin PBXSourcesBuildPhase section */
		EB4CD74C24076E37000F4931 /* Sources */ = {
			isa = PBXSourcesBuildPhase;
			buildActionMask = 2147483647;
			files = (
				EB2FFAEE240CA87D0064BC6F /* SucessfullyRegisteredViewController.swift in Sources */,
				EB6953172409D94C00108666 /* BlogTableViewCell.swift in Sources */,
				EB6953192409DA8000108666 /* FourthViewController.swift in Sources */,
				EB71FDE0240DEE260071A450 /* LoginViewController.swift in Sources */,
				EB71FDDE240DED750071A450 /* SurveyTableViewCell.swift in Sources */,
				EB612F7C240B471E00CA9CE5 /* PostViewController.swift in Sources */,
				EB2FFAEA240C8D870064BC6F /* ProfileViewController.swift in Sources */,
				EBE9BC4B240DAFD10077BC20 /* TakenEventsTableViewCell.swift in Sources */,
				EB4CD75824076E37000F4931 /* FirstViewController.swift in Sources */,
				EB4CD75424076E37000F4931 /* AppDelegate.swift in Sources */,
				EB71FDDF240DEE260071A450 /* RegisterViewController.swift in Sources */,
				EBE9BC45240DA90B0077BC20 /* TakenEventsViewController.swift in Sources */,
				EB4CD75624076E37000F4931 /* SceneDelegate.swift in Sources */,
				EB71FDDC240DED210071A450 /* SurveyViewController.swift in Sources */,
				EBE9BC3E240DA7C00077BC20 /* TasksTableViewCell.swift in Sources */,
			);
			runOnlyForDeploymentPostprocessing = 0;
		};
		EB4CD76424076E39000F4931 /* Sources */ = {
			isa = PBXSourcesBuildPhase;
			buildActionMask = 2147483647;
			files = (
				EB4CD76D24076E39000F4931 /* GFKApp2Tests.swift in Sources */,
			);
			runOnlyForDeploymentPostprocessing = 0;
		};
		EB4CD76F24076E39000F4931 /* Sources */ = {
			isa = PBXSourcesBuildPhase;
			buildActionMask = 2147483647;
			files = (
				EB4CD77824076E39000F4931 /* GFKApp2UITests.swift in Sources */,
			);
			runOnlyForDeploymentPostprocessing = 0;
		};
/* End PBXSourcesBuildPhase section */

/* Begin PBXTargetDependency section */
		EB4CD76A24076E39000F4931 /* PBXTargetDependency */ = {
			isa = PBXTargetDependency;
			target = EB4CD74F24076E37000F4931 /* GFKApp2 */;
			targetProxy = EB4CD76924076E39000F4931 /* PBXContainerItemProxy */;
		};
		EB4CD77524076E39000F4931 /* PBXTargetDependency */ = {
			isa = PBXTargetDependency;
			target = EB4CD74F24076E37000F4931 /* GFKApp2 */;
			targetProxy = EB4CD77424076E39000F4931 /* PBXContainerItemProxy */;
		};
/* End PBXTargetDependency section */

/* Begin PBXVariantGroup section */
		EB4CD75B24076E37000F4931 /* Main.storyboard */ = {
			isa = PBXVariantGroup;
			children = (
				EB4CD75C24076E37000F4931 /* Base */,
			);
			name = Main.storyboard;
			sourceTree = "<group>";
		};
		EB4CD76024076E38000F4931 /* LaunchScreen.storyboard */ = {
			isa = PBXVariantGroup;
			children = (
				EB4CD76124076E38000F4931 /* Base */,
			);
			name = LaunchScreen.storyboard;
			sourceTree = "<group>";
		};
/* End PBXVariantGroup section */

/* Begin XCBuildConfiguration section */
		EB4CD77A24076E39000F4931 /* Debug */ = {
			isa = XCBuildConfiguration;
			buildSettings = {
				ALWAYS_SEARCH_USER_PATHS = NO;
				CLANG_ANALYZER_NONNULL = YES;
				CLANG_ANALYZER_NUMBER_OBJECT_CONVERSION = YES_AGGRESSIVE;
				CLANG_CXX_LANGUAGE_STANDARD = "gnu++14";
				CLANG_CXX_LIBRARY = "libc++";
				CLANG_ENABLE_MODULES = YES;
				CLANG_ENABLE_OBJC_ARC = YES;
				CLANG_ENABLE_OBJC_WEAK = YES;
				CLANG_WARN_BLOCK_CAPTURE_AUTORELEASING = YES;
				CLANG_WARN_BOOL_CONVERSION = YES;
				CLANG_WARN_COMMA = YES;
				CLANG_WARN_CONSTANT_CONVERSION = YES;
				CLANG_WARN_DEPRECATED_OBJC_IMPLEMENTATIONS = YES;
				CLANG_WARN_DIRECT_OBJC_ISA_USAGE = YES_ERROR;
				CLANG_WARN_DOCUMENTATION_COMMENTS = YES;
				CLANG_WARN_EMPTY_BODY = YES;
				CLANG_WARN_ENUM_CONVERSION = YES;
				CLANG_WARN_INFINITE_RECURSION = YES;
				CLANG_WARN_INT_CONVERSION = YES;
				CLANG_WARN_NON_LITERAL_NULL_CONVERSION = YES;
				CLANG_WARN_OBJC_IMPLICIT_RETAIN_SELF = YES;
				CLANG_WARN_OBJC_LITERAL_CONVERSION = YES;
				CLANG_WARN_OBJC_ROOT_CLASS = YES_ERROR;
				CLANG_WARN_RANGE_LOOP_ANALYSIS = YES;
				CLANG_WARN_STRICT_PROTOTYPES = YES;
				CLANG_WARN_SUSPICIOUS_MOVE = YES;
				CLANG_WARN_UNGUARDED_AVAILABILITY = YES_AGGRESSIVE;
				CLANG_WARN_UNREACHABLE_CODE = YES;
				CLANG_WARN__DUPLICATE_METHOD_MATCH = YES;
				COPY_PHASE_STRIP = NO;
				DEBUG_INFORMATION_FORMAT = dwarf;
				ENABLE_STRICT_OBJC_MSGSEND = YES;
				ENABLE_TESTABILITY = YES;
				GCC_C_LANGUAGE_STANDARD = gnu11;
				GCC_DYNAMIC_NO_PIC = NO;
				GCC_NO_COMMON_BLOCKS = YES;
				GCC_OPTIMIZATION_LEVEL = 0;
				GCC_PREPROCESSOR_DEFINITIONS = (
					"DEBUG=1",
					"$(inherited)",
				);
				GCC_WARN_64_TO_32_BIT_CONVERSION = YES;
				GCC_WARN_ABOUT_RETURN_TYPE = YES_ERROR;
				GCC_WARN_UNDECLARED_SELECTOR = YES;
				GCC_WARN_UNINITIALIZED_AUTOS = YES_AGGRESSIVE;
				GCC_WARN_UNUSED_FUNCTION = YES;
				GCC_WARN_UNUSED_VARIABLE = YES;
				IPHONEOS_DEPLOYMENT_TARGET = 13.2;
				MTL_ENABLE_DEBUG_INFO = INCLUDE_SOURCE;
				MTL_FAST_MATH = YES;
				ONLY_ACTIVE_ARCH = YES;
				SDKROOT = iphoneos;
				SWIFT_ACTIVE_COMPILATION_CONDITIONS = DEBUG;
				SWIFT_OPTIMIZATION_LEVEL = "-Onone";
			};
			name = Debug;
		};
		EB4CD77B24076E39000F4931 /* Release */ = {
			isa = XCBuildConfiguration;
			buildSettings = {
				ALWAYS_SEARCH_USER_PATHS = NO;
				CLANG_ANALYZER_NONNULL = YES;
				CLANG_ANALYZER_NUMBER_OBJECT_CONVERSION = YES_AGGRESSIVE;
				CLANG_CXX_LANGUAGE_STANDARD = "gnu++14";
				CLANG_CXX_LIBRARY = "libc++";
				CLANG_ENABLE_MODULES = YES;
				CLANG_ENABLE_OBJC_ARC = YES;
				CLANG_ENABLE_OBJC_WEAK = YES;
				CLANG_WARN_BLOCK_CAPTURE_AUTORELEASING = YES;
				CLANG_WARN_BOOL_CONVERSION = YES;
				CLANG_WARN_COMMA = YES;
				CLANG_WARN_CONSTANT_CONVERSION = YES;
				CLANG_WARN_DEPRECATED_OBJC_IMPLEMENTATIONS = YES;
				CLANG_WARN_DIRECT_OBJC_ISA_USAGE = YES_ERROR;
				CLANG_WARN_DOCUMENTATION_COMMENTS = YES;
				CLANG_WARN_EMPTY_BODY = YES;
				CLANG_WARN_ENUM_CONVERSION = YES;
				CLANG_WARN_INFINITE_RECURSION = YES;
				CLANG_WARN_INT_CONVERSION = YES;
				CLANG_WARN_NON_LITERAL_NULL_CONVERSION = YES;
				CLANG_WARN_OBJC_IMPLICIT_RETAIN_SELF = YES;
				CLANG_WARN_OBJC_LITERAL_CONVERSION = YES;
				CLANG_WARN_OBJC_ROOT_CLASS = YES_ERROR;
				CLANG_WARN_RANGE_LOOP_ANALYSIS = YES;
				CLANG_WARN_STRICT_PROTOTYPES = YES;
				CLANG_WARN_SUSPICIOUS_MOVE = YES;
				CLANG_WARN_UNGUARDED_AVAILABILITY = YES_AGGRESSIVE;
				CLANG_WARN_UNREACHABLE_CODE = YES;
				CLANG_WARN__DUPLICATE_METHOD_MATCH = YES;
				COPY_PHASE_STRIP = NO;
				DEBUG_INFORMATION_FORMAT = "dwarf-with-dsym";
				ENABLE_NS_ASSERTIONS = NO;
				ENABLE_STRICT_OBJC_MSGSEND = YES;
				GCC_C_LANGUAGE_STANDARD = gnu11;
				GCC_NO_COMMON_BLOCKS = YES;
				GCC_WARN_64_TO_32_BIT_CONVERSION = YES;
				GCC_WARN_ABOUT_RETURN_TYPE = YES_ERROR;
				GCC_WARN_UNDECLARED_SELECTOR = YES;
				GCC_WARN_UNINITIALIZED_AUTOS = YES_AGGRESSIVE;
				GCC_WARN_UNUSED_FUNCTION = YES;
				GCC_WARN_UNUSED_VARIABLE = YES;
				IPHONEOS_DEPLOYMENT_TARGET = 13.2;
				MTL_ENABLE_DEBUG_INFO = NO;
				MTL_FAST_MATH = YES;
				SDKROOT = iphoneos;
				SWIFT_COMPILATION_MODE = wholemodule;
				SWIFT_OPTIMIZATION_LEVEL = "-O";
				VALIDATE_PRODUCT = YES;
			};
			name = Release;
		};
		EB4CD77D24076E39000F4931 /* Debug */ = {
			isa = XCBuildConfiguration;
			baseConfigurationReference = 8E51A71D8CD482B00DF03DFC /* Pods-GFKApp2.debug.xcconfig */;
			buildSettings = {
				ASSETCATALOG_COMPILER_APPICON_NAME = AppIcon;
				CODE_SIGN_STYLE = Automatic;
				INFOPLIST_FILE = GFKApp2/Info.plist;
				LD_RUNPATH_SEARCH_PATHS = (
					"$(inherited)",
					"@executable_path/Frameworks",
				);
				PRODUCT_BUNDLE_IDENTIFIER = com.kargakarga.GFKApp2;
				PRODUCT_NAME = "$(TARGET_NAME)";
				SWIFT_VERSION = 5.0;
				TARGETED_DEVICE_FAMILY = "1,2";
			};
			name = Debug;
		};
		EB4CD77E24076E39000F4931 /* Release */ = {
			isa = XCBuildConfiguration;
			baseConfigurationReference = 9B24455C2E9A7E46B5F6A0E9 /* Pods-GFKApp2.release.xcconfig */;
			buildSettings = {
				ASSETCATALOG_COMPILER_APPICON_NAME = AppIcon;
				CODE_SIGN_STYLE = Automatic;
				INFOPLIST_FILE = GFKApp2/Info.plist;
				LD_RUNPATH_SEARCH_PATHS = (
					"$(inherited)",
					"@executable_path/Frameworks",
				);
				PRODUCT_BUNDLE_IDENTIFIER = com.kargakarga.GFKApp2;
				PRODUCT_NAME = "$(TARGET_NAME)";
				SWIFT_VERSION = 5.0;
				TARGETED_DEVICE_FAMILY = "1,2";
			};
			name = Release;
		};
		EB4CD78024076E39000F4931 /* Debug */ = {
			isa = XCBuildConfiguration;
			baseConfigurationReference = 17662FF44AD48F23930EC293 /* Pods-GFKApp2Tests.debug.xcconfig */;
			buildSettings = {
				ALWAYS_EMBED_SWIFT_STANDARD_LIBRARIES = YES;
				BUNDLE_LOADER = "$(TEST_HOST)";
				CODE_SIGN_STYLE = Automatic;
				INFOPLIST_FILE = GFKApp2Tests/Info.plist;
				IPHONEOS_DEPLOYMENT_TARGET = 13.2;
				LD_RUNPATH_SEARCH_PATHS = (
					"$(inherited)",
					"@executable_path/Frameworks",
					"@loader_path/Frameworks",
				);
				PRODUCT_BUNDLE_IDENTIFIER = com.kargakarga.GFKApp2Tests;
				PRODUCT_NAME = "$(TARGET_NAME)";
				SWIFT_VERSION = 5.0;
				TARGETED_DEVICE_FAMILY = "1,2";
				TEST_HOST = "$(BUILT_PRODUCTS_DIR)/GFKApp2.app/GFKApp2";
			};
			name = Debug;
		};
		EB4CD78124076E39000F4931 /* Release */ = {
			isa = XCBuildConfiguration;
			baseConfigurationReference = 96CF18B299F46BAF0A7746E5 /* Pods-GFKApp2Tests.release.xcconfig */;
			buildSettings = {
				ALWAYS_EMBED_SWIFT_STANDARD_LIBRARIES = YES;
				BUNDLE_LOADER = "$(TEST_HOST)";
				CODE_SIGN_STYLE = Automatic;
				INFOPLIST_FILE = GFKApp2Tests/Info.plist;
				IPHONEOS_DEPLOYMENT_TARGET = 13.2;
				LD_RUNPATH_SEARCH_PATHS = (
					"$(inherited)",
					"@executable_path/Frameworks",
					"@loader_path/Frameworks",
				);
				PRODUCT_BUNDLE_IDENTIFIER = com.kargakarga.GFKApp2Tests;
				PRODUCT_NAME = "$(TARGET_NAME)";
				SWIFT_VERSION = 5.0;
				TARGETED_DEVICE_FAMILY = "1,2";
				TEST_HOST = "$(BUILT_PRODUCTS_DIR)/GFKApp2.app/GFKApp2";
			};
			name = Release;
		};
		EB4CD78324076E39000F4931 /* Debug */ = {
			isa = XCBuildConfiguration;
			baseConfigurationReference = 7FD8BB14D7BD7801FEFEE15D /* Pods-GFKApp2-GFKApp2UITests.debug.xcconfig */;
			buildSettings = {
				ALWAYS_EMBED_SWIFT_STANDARD_LIBRARIES = YES;
				CODE_SIGN_STYLE = Automatic;
				INFOPLIST_FILE = GFKApp2UITests/Info.plist;
				LD_RUNPATH_SEARCH_PATHS = (
					"$(inherited)",
					"@executable_path/Frameworks",
					"@loader_path/Frameworks",
				);
				PRODUCT_BUNDLE_IDENTIFIER = com.kargakarga.GFKApp2UITests;
				PRODUCT_NAME = "$(TARGET_NAME)";
				SWIFT_VERSION = 5.0;
				TARGETED_DEVICE_FAMILY = "1,2";
				TEST_TARGET_NAME = GFKApp2;
			};
			name = Debug;
		};
		EB4CD78424076E39000F4931 /* Release */ = {
			isa = XCBuildConfiguration;
			baseConfigurationReference = ED9C795241BCDAF9B6FBBBC1 /* Pods-GFKApp2-GFKApp2UITests.release.xcconfig */;
			buildSettings = {
				ALWAYS_EMBED_SWIFT_STANDARD_LIBRARIES = YES;
				CODE_SIGN_STYLE = Automatic;
				INFOPLIST_FILE = GFKApp2UITests/Info.plist;
				LD_RUNPATH_SEARCH_PATHS = (
					"$(inherited)",
					"@executable_path/Frameworks",
					"@loader_path/Frameworks",
				);
				PRODUCT_BUNDLE_IDENTIFIER = com.kargakarga.GFKApp2UITests;
				PRODUCT_NAME = "$(TARGET_NAME)";
				SWIFT_VERSION = 5.0;
				TARGETED_DEVICE_FAMILY = "1,2";
				TEST_TARGET_NAME = GFKApp2;
			};
			name = Release;
		};
/* End XCBuildConfiguration section */

/* Begin XCConfigurationList section */
		EB4CD74B24076E37000F4931 /* Build configuration list for PBXProject "GFKApp2" */ = {
			isa = XCConfigurationList;
			buildConfigurations = (
				EB4CD77A24076E39000F4931 /* Debug */,
				EB4CD77B24076E39000F4931 /* Release */,
			);
			defaultConfigurationIsVisible = 0;
			defaultConfigurationName = Release;
		};
		EB4CD77C24076E39000F4931 /* Build configuration list for PBXNativeTarget "GFKApp2" */ = {
			isa = XCConfigurationList;
			buildConfigurations = (
				EB4CD77D24076E39000F4931 /* Debug */,
				EB4CD77E24076E39000F4931 /* Release */,
			);
			defaultConfigurationIsVisible = 0;
			defaultConfigurationName = Release;
		};
		EB4CD77F24076E39000F4931 /* Build configuration list for PBXNativeTarget "GFKApp2Tests" */ = {
			isa = XCConfigurationList;
			buildConfigurations = (
				EB4CD78024076E39000F4931 /* Debug */,
				EB4CD78124076E39000F4931 /* Release */,
			);
			defaultConfigurationIsVisible = 0;
			defaultConfigurationName = Release;
		};
		EB4CD78224076E39000F4931 /* Build configuration list for PBXNativeTarget "GFKApp2UITests" */ = {
			isa = XCConfigurationList;
			buildConfigurations = (
				EB4CD78324076E39000F4931 /* Debug */,
				EB4CD78424076E39000F4931 /* Release */,
			);
			defaultConfigurationIsVisible = 0;
			defaultConfigurationName = Release;
		};
/* End XCConfigurationList section */
	};
	rootObject = EB4CD74824076E37000F4931 /* Project object */;
}
